{
  "version": "5",
  "specifiers": {
    "npm:@types/node@*": "22.15.15"
  },
  "npm": {
    "@types/node@22.15.15": {
      "integrity": "sha512-R5muMcZob3/Jjchn5LcO8jdKwSCbzqmPB6ruBxMcf9kbxtniZHP327s6C37iOfuw8mbKK3cAQa7sEl7afLrQ8A==",
      "dependencies": [
        "undici-types"
      ]
    },
    "undici-types@6.21.0": {
      "integrity": "sha512-iwDZqg0QAGrg9Rav5H4n0M64c3mkR59cJ6wQp+7C4nI0gsmExaedaYLNO44eT4AtBBwjbTiGPMlt2Md0T9H9JQ=="
    }
  },
  "redirects": {
    "https://esm.sh/@cfworker/json-schema@^4.0.2?target=denonext": "https://esm.sh/@cfworker/json-schema@4.1.1?target=denonext",
    "https://esm.sh/@langchain/core@^0.3.66/callbacks/manager?target=denonext": "https://esm.sh/@langchain/core@0.3.66/callbacks/manager?target=denonext",
    "https://esm.sh/@langchain/core@^0.3.66/example_selectors?target=denonext": "https://esm.sh/@langchain/core@0.3.66/example_selectors?target=denonext",
    "https://esm.sh/@langchain/core@^0.3.66/language_models/base?target=denonext": "https://esm.sh/@langchain/core@0.3.66/language_models/base?target=denonext",
    "https://esm.sh/@langchain/core@^0.3.66/output_parsers?target=denonext": "https://esm.sh/@langchain/core@0.3.66/output_parsers?target=denonext",
    "https://esm.sh/@langchain/core@^0.3.66/outputs?target=denonext": "https://esm.sh/@langchain/core@0.3.66/outputs?target=denonext",
    "https://esm.sh/@langchain/core@^0.3.66/prompts?target=denonext": "https://esm.sh/@langchain/core@0.3.66/prompts?target=denonext",
    "https://esm.sh/@langchain/core@^0.3.66/runnables?target=denonext": "https://esm.sh/@langchain/core@0.3.66/runnables?target=denonext",
    "https://esm.sh/@langchain/core@^0.3.66/utils/json_patch?target=denonext": "https://esm.sh/@langchain/core@0.3.66/utils/json_patch?target=denonext",
    "https://esm.sh/@langchain/core@^0.3.66/utils/json_schema?target=denonext": "https://esm.sh/@langchain/core@0.3.66/utils/json_schema?target=denonext",
    "https://esm.sh/@langchain/core@^0.3.66/utils/types?target=denonext": "https://esm.sh/@langchain/core@0.3.66/utils/types?target=denonext",
    "https://esm.sh/@types/mustache@~4.2.5/index.d.mts": "https://esm.sh/@types/mustache@4.2.6/index.d.mts",
    "https://esm.sh/@types/retry@~0.12.5/index.d.ts": "https://esm.sh/@types/retry@0.12.5/index.d.ts",
    "https://esm.sh/@types/semver@~7.7.0/index.d.ts": "https://esm.sh/@types/semver@7.7.0/index.d.ts",
    "https://esm.sh/@types/uuid@~10.0.0/index.d.mts": "https://esm.sh/@types/uuid@10.0.0/index.d.mts",
    "https://esm.sh/ansi-styles@^5.0.0?target=denonext": "https://esm.sh/ansi-styles@5.2.0?target=denonext",
    "https://esm.sh/base64-js@^1.5.1?target=denonext": "https://esm.sh/base64-js@1.5.1?target=denonext",
    "https://esm.sh/camelcase@6?target=denonext": "https://esm.sh/camelcase@6.3.0?target=denonext",
    "https://esm.sh/eventemitter3@^4.0.4?target=denonext": "https://esm.sh/eventemitter3@4.0.7?target=denonext",
    "https://esm.sh/js-tiktoken@^1.0.12/lite?target=denonext": "https://esm.sh/js-tiktoken@1.0.20/lite?target=denonext",
    "https://esm.sh/langchain/llms/openai": "https://esm.sh/langchain@0.3.30/llms/openai",
    "https://esm.sh/langchain/output_parsers": "https://esm.sh/langchain@0.3.30/output_parsers",
    "https://esm.sh/langchain/prompts": "https://esm.sh/langchain@0.3.30/prompts",
    "https://esm.sh/langsmith@^0.3.46/run_trees?target=denonext": "https://esm.sh/langsmith@0.3.49/run_trees?target=denonext",
    "https://esm.sh/langsmith@^0.3.46/singletons/traceable?target=denonext": "https://esm.sh/langsmith@0.3.49/singletons/traceable?target=denonext",
    "https://esm.sh/langsmith@^0.3.46?target=denonext": "https://esm.sh/langsmith@0.3.49?target=denonext",
    "https://esm.sh/mustache@^4.2.0?target=denonext": "https://esm.sh/mustache@4.2.0?target=denonext",
    "https://esm.sh/p-finally@^1.0.0?target=denonext": "https://esm.sh/p-finally@1.0.0?target=denonext",
    "https://esm.sh/p-queue@^6.6.2?target=denonext": "https://esm.sh/p-queue@6.6.2?target=denonext",
    "https://esm.sh/p-retry@4?target=denonext": "https://esm.sh/p-retry@4.6.2?target=denonext",
    "https://esm.sh/p-timeout@^3.2.0?target=denonext": "https://esm.sh/p-timeout@3.2.0?target=denonext",
    "https://esm.sh/retry@^0.13.1?target=denonext": "https://esm.sh/retry@0.13.1?target=denonext",
    "https://esm.sh/semver@^7.6.3?target=denonext": "https://esm.sh/semver@7.7.2?target=denonext",
    "https://esm.sh/uuid@^10.0.0?target=denonext": "https://esm.sh/uuid@10.0.0?target=denonext",
    "https://esm.sh/zod-to-json-schema@^3.22.3?target=denonext": "https://esm.sh/zod-to-json-schema@3.24.6?target=denonext",
    "https://esm.sh/zod@^3.24.1?target=denonext": "https://esm.sh/zod@3.25.76?target=denonext",
    "https://esm.sh/zod@^3.25.32/v3?target=denonext": "https://esm.sh/zod@3.25.76/v3?target=denonext",
    "https://esm.sh/zod@^3.25.32/v4/core?target=denonext": "https://esm.sh/zod@3.25.76/v4/core?target=denonext",
    "https://esm.sh/zod@^3.25.32?target=denonext": "https://esm.sh/zod@3.25.76?target=denonext"
  },
  "remote": {
    "https://deno.land/std@0.168.0/async/abortable.ts": "80b2ac399f142cc528f95a037a7d0e653296352d95c681e284533765961de409",
    "https://deno.land/std@0.168.0/async/deadline.ts": "2c2deb53c7c28ca1dda7a3ad81e70508b1ebc25db52559de6b8636c9278fd41f",
    "https://deno.land/std@0.168.0/async/debounce.ts": "60301ffb37e730cd2d6f9dadfd0ecb2a38857681bd7aaf6b0a106b06e5210a98",
    "https://deno.land/std@0.168.0/async/deferred.ts": "77d3f84255c3627f1cc88699d8472b664d7635990d5358c4351623e098e917d6",
    "https://deno.land/std@0.168.0/async/delay.ts": "5a9bfba8de38840308a7a33786a0155a7f6c1f7a859558ddcec5fe06e16daf57",
    "https://deno.land/std@0.168.0/async/mod.ts": "7809ad4bb223e40f5fdc043e5c7ca04e0e25eed35c32c3c32e28697c553fa6d9",
    "https://deno.land/std@0.168.0/async/mux_async_iterator.ts": "770a0ff26c59f8bbbda6b703a2235f04e379f73238e8d66a087edc68c2a2c35f",
    "https://deno.land/std@0.168.0/async/pool.ts": "6854d8cd675a74c73391c82005cbbe4cc58183bddcd1fbbd7c2bcda42b61cf69",
    "https://deno.land/std@0.168.0/async/retry.ts": "e8e5173623915bbc0ddc537698fa418cf875456c347eda1ed453528645b42e67",
    "https://deno.land/std@0.168.0/async/tee.ts": "3a47cc4e9a940904fd4341f0224907e199121c80b831faa5ec2b054c6d2eff5e",
    "https://deno.land/std@0.168.0/http/server.ts": "e99c1bee8a3f6571ee4cdeb2966efad465b8f6fe62bec1bdb59c1f007cc4d155",
    "https://esm.sh/@cfworker/json-schema@4.1.1/denonext/json-schema.mjs": "d92fa383696448635d32aa62e056ef92829f9205d9faab09ad79cb8bab1535e3",
    "https://esm.sh/@cfworker/json-schema@4.1.1?target=denonext": "aa3f82e779267516d60f6a1f771c3464cd30cfd6000efe496b57a855ec74b437",
    "https://esm.sh/@langchain/core@0.3.66/callbacks/manager?target=denonext": "482a05dd542bba0cf30bb544ca579c2d1c0f46259f327c7c68e67e0ce70513b9",
    "https://esm.sh/@langchain/core@0.3.66/denonext/callbacks/manager.mjs": "dcbacd9511563205b783a26cc78e8c4ef048a281024373ad56da802b2a3f5447",
    "https://esm.sh/@langchain/core@0.3.66/denonext/dist/caches/base.mjs": "b23ee33b1f625861af8117bc7c995fa989793c018cc9012f47a98c1be5d64c89",
    "https://esm.sh/@langchain/core@0.3.66/denonext/dist/callbacks/base.mjs": "43247b98e8456aa3dc4f8ad70c0211408a30b66babb936ba0dd4dfa4419f7ede",
    "https://esm.sh/@langchain/core@0.3.66/denonext/dist/callbacks/manager.mjs": "cb01b8336ffb71cce6d2bd148c59d674101ada53714ff303acf8076e74e139bd",
    "https://esm.sh/@langchain/core@0.3.66/denonext/dist/callbacks/promises.mjs": "a8e778dc0e5be96797907bc82512d16519e4eabf3b8c65b7ce9aa75d47ccf404",
    "https://esm.sh/@langchain/core@0.3.66/denonext/dist/documents/document.mjs": "48e51d595fdee68f423e6b924ea1a01dfd4c5a84da1937cfd60ea2a3d083a52a",
    "https://esm.sh/@langchain/core@0.3.66/denonext/dist/errors/index.mjs": "74b6480bf16e7ce89fe721de1d6f97bb183a90a3bfa810fcd764b72cbbb10f43",
    "https://esm.sh/@langchain/core@0.3.66/denonext/dist/example_selectors/index.mjs": "efded2406042c52a2e7863779cafb216e6d045903929b725c8a84a0c13ea5e5f",
    "https://esm.sh/@langchain/core@0.3.66/denonext/dist/language_models/base.mjs": "ce715b36ad89f70b980dcab70724748950865b7791892d28d52493529dd48250",
    "https://esm.sh/@langchain/core@0.3.66/denonext/dist/load/map_keys.mjs": "54dcb633f7c0d2b7c41d8454a9964acf0e95940de669846efbc2a622c272b61f",
    "https://esm.sh/@langchain/core@0.3.66/denonext/dist/load/serializable.mjs": "d8f94e009c9c46908308600d2a56dd118f72a1f5c44215798831d51cb683626e",
    "https://esm.sh/@langchain/core@0.3.66/denonext/dist/messages/ai.mjs": "23ab73678e4756fcec3f26619a405042470e2a342219ca91419c8cc3d42c4f42",
    "https://esm.sh/@langchain/core@0.3.66/denonext/dist/messages/base.mjs": "b7e16898b5255d641144a480ef1592cc83f2a8965dcd5228f7d639273dab387e",
    "https://esm.sh/@langchain/core@0.3.66/denonext/dist/messages/human.mjs": "0d7a90c5341e070f0df0b8b9b53ebedf16bd5faa9964e48cd1f024e3f8f2ea28",
    "https://esm.sh/@langchain/core@0.3.66/denonext/dist/messages/index.mjs": "b183a72d3450b396adca7dab401d1c6c434b5dbf3f02c04e96f0c92256501371",
    "https://esm.sh/@langchain/core@0.3.66/denonext/dist/messages/tool.mjs": "c49510add57d8bbd1dd5665158c541a15915338cbe81fcb1094d2222db686129",
    "https://esm.sh/@langchain/core@0.3.66/denonext/dist/messages/utils.mjs": "1ec4981223069a1dac8775973314a020f4d8d160ba57db82e392b8bd94d88817",
    "https://esm.sh/@langchain/core@0.3.66/denonext/dist/output_parsers/base.mjs": "f101fd4c292a69b390d298fdb6137ac93f15bb73bfa6bec704ff1023c7513d9c",
    "https://esm.sh/@langchain/core@0.3.66/denonext/dist/output_parsers/index.mjs": "5d2dc061f5b923f81c75f1a0ae0ce2b21fcdad86d17e43dd468e7a285bf0f7b4",
    "https://esm.sh/@langchain/core@0.3.66/denonext/dist/output_parsers/json.mjs": "3514655bd3540e8d6ee480bbd1ecdb13bff0401492e63221f10c8fe315c5cb9a",
    "https://esm.sh/@langchain/core@0.3.66/denonext/dist/output_parsers/transform.mjs": "27fc88f5b19bea2b39824b104434de308f6ea5322a15b0df8641fe08eb227228",
    "https://esm.sh/@langchain/core@0.3.66/denonext/dist/outputs.mjs": "0c82826a042a1e6ac5d6bd945a547aeb81f95cb85ac9e90432e9cc99bc253940",
    "https://esm.sh/@langchain/core@0.3.66/denonext/dist/prompt_values.mjs": "81a3a1b39223384491471e8f533ae555c0e8346c30f07c43789551981f0a9331",
    "https://esm.sh/@langchain/core@0.3.66/denonext/dist/prompts/base.mjs": "8989640fe3e1c7702b94e31a25afac0ac6a0ac68ef38a811d7b87277af35a4ad",
    "https://esm.sh/@langchain/core@0.3.66/denonext/dist/prompts/dict.mjs": "e8559aece47d3a2475ad728b1d9cbe5a1ea529f22e74d030c2ecf0605a31768f",
    "https://esm.sh/@langchain/core@0.3.66/denonext/dist/prompts/few_shot.mjs": "0b4944e6b1d2322f9044231910097bbbd3ad8d8f942cccf6dfe9f2ca63f8874a",
    "https://esm.sh/@langchain/core@0.3.66/denonext/dist/prompts/image.mjs": "eafe566fa8ebc44bcca53cc5f34f2262c250e54b4aa3c1dff3d34ef37cbfc15a",
    "https://esm.sh/@langchain/core@0.3.66/denonext/dist/prompts/index.mjs": "db6711736981c69af1972f433f280da0b83bf85a47408f778c2c4f71fa723890",
    "https://esm.sh/@langchain/core@0.3.66/denonext/dist/prompts/prompt.mjs": "a9d9eb2d7a64ad53d71b60bf588e286fdab3ac179deb6e65a514e83d71b1da6d",
    "https://esm.sh/@langchain/core@0.3.66/denonext/dist/prompts/string.mjs": "4627db36bb8f33044342ed0f3b608d1fc1aefe5854b9adbda278c7a2c720b91c",
    "https://esm.sh/@langchain/core@0.3.66/denonext/dist/prompts/template.mjs": "1aa9bf95b9695e6e1413e8e97092af59ded0159f6085e9c339192ee0bb87506c",
    "https://esm.sh/@langchain/core@0.3.66/denonext/dist/runnables/base.mjs": "70f16c5779fb522172308cc3ca5ea33fb9428b4e1f9a3db985a75a9f72f7acbd",
    "https://esm.sh/@langchain/core@0.3.66/denonext/dist/runnables/config.mjs": "3d84ebe91435df9362ab347a6c38017560567e6ecbb9e0c458a8a717e30868e9",
    "https://esm.sh/@langchain/core@0.3.66/denonext/dist/runnables/graph.mjs": "e6ebaca47e01b131c224df5a2c7c570a1199675d2a7df75abff11e1679e8a896",
    "https://esm.sh/@langchain/core@0.3.66/denonext/dist/runnables/index.mjs": "7e4061118d730218ac018ef0f747d258ff198a9b92c4035f2913395fa9b27b4f",
    "https://esm.sh/@langchain/core@0.3.66/denonext/dist/runnables/passthrough.mjs": "ad84efbc6d7f3544984d055eae132abd46b497b9ca7d5c26a1186ca8645c36d0",
    "https://esm.sh/@langchain/core@0.3.66/denonext/dist/runnables/utils.mjs": "850c8188914751adf9026ddaa172436bb7542bc1affec802f87e8b78c5d9f8e3",
    "https://esm.sh/@langchain/core@0.3.66/denonext/dist/singletons/async_local_storage/context.mjs": "b69dc4a9c64c857d8e68962045abd0e8d6f302c16fbc3080bea5a6aee1d46fa8",
    "https://esm.sh/@langchain/core@0.3.66/denonext/dist/singletons/async_local_storage/globals.mjs": "5f53510f624e3e70f4fa08c9ba88cb8d1c36babb1cce58ad1056609841b11491",
    "https://esm.sh/@langchain/core@0.3.66/denonext/dist/singletons/index.mjs": "441f3acb7b2c18e6387dc311f2217df37c4a992900a9024ed845bde4312977f0",
    "https://esm.sh/@langchain/core@0.3.66/denonext/dist/singletons/tracer.mjs": "2a6c75bca4ff28e366cdb7d0d407f0d613d6eecb4a75e1d5c1b0e01fcc603351",
    "https://esm.sh/@langchain/core@0.3.66/denonext/dist/tools/utils.mjs": "8d9eceef485b4dc136999b062c4ad9bdb98509e48005959b0e3d93d22faa9a63",
    "https://esm.sh/@langchain/core@0.3.66/denonext/dist/tracers/base.mjs": "861463c644215990107e07dd18b058f93fde96fa8a510caeb0d4fd8f80bbf255",
    "https://esm.sh/@langchain/core@0.3.66/denonext/dist/tracers/console.mjs": "2ad6ad7a42cd50ba0f592caee9aff94f4e47b60c37ecfabf893a77350a332633",
    "https://esm.sh/@langchain/core@0.3.66/denonext/dist/tracers/log_stream.mjs": "9d2a3befcde8ae8e4f22e50741b49face5c34d4f6334ca20e521bd6317e50380",
    "https://esm.sh/@langchain/core@0.3.66/denonext/dist/tracers/tracer_langchain.mjs": "46d7658452356cc8a9c1f68e2232c5b43d2df852cfe44394c7d90ea3f05c7972",
    "https://esm.sh/@langchain/core@0.3.66/denonext/dist/utils/async_caller.mjs": "84d9cf8e511748e24d8921f5b122f4cce477daf3fe44733cb7e87b60585ec4a6",
    "https://esm.sh/@langchain/core@0.3.66/denonext/dist/utils/env.mjs": "938326447dfd18781d6e6a97f34e35cad2105b5de1bd955cd818542628dfa039",
    "https://esm.sh/@langchain/core@0.3.66/denonext/dist/utils/fast-json-patch/index.mjs": "91709e06914731a405d37969a04096034d8f78e398bae71cc60572e0a128fa56",
    "https://esm.sh/@langchain/core@0.3.66/denonext/dist/utils/fast-json-patch/src/helpers.mjs": "7557bcc5f8a9e10467e697c493ca738291e0c58592b4dad87971436b087906ed",
    "https://esm.sh/@langchain/core@0.3.66/denonext/dist/utils/hash.mjs": "66c29757aa895ae5cfd8ffc64a6f67935e4f5baca84bbefc0d073b717014124e",
    "https://esm.sh/@langchain/core@0.3.66/denonext/dist/utils/js-sha1/hash.mjs": "cd6817f78cb7ccff4fffd36863053935c3418fc0bfd0e12fbcda8c6b1f120c4e",
    "https://esm.sh/@langchain/core@0.3.66/denonext/dist/utils/js-sha256/hash.mjs": "f0c54dae3f2372255bc0cd172052ff361645f958f70c89f0ad59b57c441085f2",
    "https://esm.sh/@langchain/core@0.3.66/denonext/dist/utils/json.mjs": "d393061fb89681d4c5ed2d5b1733002f58c01e9bca76329e312043249ba5de95",
    "https://esm.sh/@langchain/core@0.3.66/denonext/dist/utils/json_patch.mjs": "c53fdb0e57f2c89845ceb9b1bf67502902b9aa300c61810332f2ecc0913c2952",
    "https://esm.sh/@langchain/core@0.3.66/denonext/dist/utils/json_schema.mjs": "dea58af8ceab2148b72b1753928157668828d11194013962427d53b111e7894d",
    "https://esm.sh/@langchain/core@0.3.66/denonext/dist/utils/signal.mjs": "f70ae78e0ace54653659862d6c4a0604cfa9968f1ff4466a2d092f1b1117be3c",
    "https://esm.sh/@langchain/core@0.3.66/denonext/dist/utils/stream.mjs": "37aa6c970ba271381da97bcf2d260d98d9d8d4ba8865794a5025632b3a22c9c4",
    "https://esm.sh/@langchain/core@0.3.66/denonext/dist/utils/tiktoken.mjs": "b82f92dfc0bdd048c3e58624d9a8fe12b573f27ebe6f2a86846ed2d032c70fa2",
    "https://esm.sh/@langchain/core@0.3.66/denonext/dist/utils/types/index.mjs": "1846877693167c185cc41492215a38c4c074d6ea235c33070636f0984eee1c4f",
    "https://esm.sh/@langchain/core@0.3.66/denonext/dist/utils/types/zod.mjs": "ded12ebf936d3c67f1f427de841a69264ea9c9e805fb038bae28259dadbb7967",
    "https://esm.sh/@langchain/core@0.3.66/denonext/example_selectors.mjs": "63720d6f8cdb86fb40fed22ed299b05947da35d99ed4f0f551893a5f4f314698",
    "https://esm.sh/@langchain/core@0.3.66/denonext/language_models/base.mjs": "95e7c3bfb22d760ee119e3a352850e250446f65d216944d1c68e8481b7ba7f89",
    "https://esm.sh/@langchain/core@0.3.66/denonext/output_parsers.mjs": "bf4f53dc4fa3cfdd986300fecbc52306cf979f9db7e2a9e4d3e4cfc25ec61be9",
    "https://esm.sh/@langchain/core@0.3.66/denonext/outputs.mjs": "631c96dde86d7d7acde0bd312af29db087f7055b19cdb905985dcbe5324a58c4",
    "https://esm.sh/@langchain/core@0.3.66/denonext/prompts.mjs": "072ec61150ad18ce2ce837b72d9ab31b813e6267682d113c9aed557db6f1e37f",
    "https://esm.sh/@langchain/core@0.3.66/denonext/runnables.mjs": "4009e1e41891ded2ebfdbdae4a5d8c415ce2ebfdedae5a4c538bea4f75935252",
    "https://esm.sh/@langchain/core@0.3.66/denonext/utils/json_patch.mjs": "5cbadc8f7893c1c47b1ee71d38d2136371e751e2c04bcb92476f6733b19800d4",
    "https://esm.sh/@langchain/core@0.3.66/denonext/utils/json_schema.mjs": "0420a10d0c4d40e1469b549a6bc427ba0b1f98dc86b4f9b3503af7c61e2a4754",
    "https://esm.sh/@langchain/core@0.3.66/denonext/utils/types.mjs": "bf1ff803d41d2e8e02271818ab9df0d35506c32a09dfc10aa35c3558d325e2ac",
    "https://esm.sh/@langchain/core@0.3.66/example_selectors?target=denonext": "e70db2a676e482704469fe37421587f5ee494119debd1d2aeb06decc367b2f12",
    "https://esm.sh/@langchain/core@0.3.66/language_models/base?target=denonext": "cbe9a141e29f0f0bc97eb9cf0bcb4d56f7ff5dac94e9ba6831d5833bd4048f4c",
    "https://esm.sh/@langchain/core@0.3.66/output_parsers?target=denonext": "3461ba083bf1223caa40a20509e986298105927064766170d507ad9f3c7b7eac",
    "https://esm.sh/@langchain/core@0.3.66/outputs?target=denonext": "c02bd6d3049113ab2c4a788f3af6472ec0de846ad2cd8a03d418be26b7c6a158",
    "https://esm.sh/@langchain/core@0.3.66/prompts?target=denonext": "3612cbd6b6c652f9ee2813fc369ed70b9bec892a7600a09bace45d0611983e94",
    "https://esm.sh/@langchain/core@0.3.66/runnables?target=denonext": "26de5b6f55847788bdf834b0479ae3ad175d963f2c53289f32ab098e86836e33",
    "https://esm.sh/@langchain/core@0.3.66/utils/json_patch?target=denonext": "c0bc82614647186e0363189c679ff0b10e5e07e42d2aae0876530377acda5cfa",
    "https://esm.sh/@langchain/core@0.3.66/utils/json_schema?target=denonext": "371a72f767ed27e2deea7f9439bcf45e952601f520847d05bb64ae63df5fe28e",
    "https://esm.sh/@langchain/core@0.3.66/utils/types?target=denonext": "4ea5a741f1eb6f2fd90a486e56783eeb92de49d3a8f736e652161c032f8c3c91",
    "https://esm.sh/ansi-styles@5.2.0/denonext/ansi-styles.mjs": "ce79e9ce88164eab82ecef3de86d7bc1ad9386964bd196d6891edc697bc3cbad",
    "https://esm.sh/ansi-styles@5.2.0?target=denonext": "b71334924fd0368f27f7392d49b6b34d0126e5e9563a19627249ae6d798bc836",
    "https://esm.sh/base64-js@1.5.1/denonext/base64-js.mjs": "5dbae8a1d8f5789da21736786f9921727523b5ccc64cbcf9f831331c381957dc",
    "https://esm.sh/base64-js@1.5.1?target=denonext": "7c2f775b41bd5df47fedaa143e6619625c9d81f34302d6aa030e20d9a7240633",
    "https://esm.sh/camelcase@6.3.0/denonext/camelcase.mjs": "eab44559fc419fa7e6ae6fc4cd28451f9c6d4ee2567dd605e8585a56044d00e2",
    "https://esm.sh/camelcase@6.3.0?target=denonext": "1da1e72710333089af6ac2ff2419eb2ba915b5e8b9c9825ba0a5a536e192169a",
    "https://esm.sh/decamelize@1.2.0/denonext/decamelize.mjs": "2ff4bbfcaef8aca69c17054ddc945821c3ba927511f266391919ab2b304fc0ed",
    "https://esm.sh/eventemitter3@4.0.7/denonext/eventemitter3.mjs": "d26d8683d890f259d39cc334512a888d3079917477d7eb10c3cd3775831cdcc3",
    "https://esm.sh/eventemitter3@4.0.7?target=denonext": "84748b6b17ebdb58719651ec0b5e6f84e5923d97f43231c5835d74be6ce050f1",
    "https://esm.sh/js-tiktoken@1.0.20/denonext/dist/chunk-ZDNLBERF.mjs": "94ce3780d369ce12745e0b210278673df3c1d7ca1d5c5268e8a995a6aa7d6473",
    "https://esm.sh/js-tiktoken@1.0.20/denonext/lite.mjs": "d5ffdd69fe29608c79462ba02db216341a8ea840a075dcfa213339146d53ae6f",
    "https://esm.sh/js-tiktoken@1.0.20/lite?target=denonext": "14f12b3ed4bba690606e11a4804876df33125d82b8318840d4b62420f3b82805",
    "https://esm.sh/langchain@0.3.30/denonext/dist/chains/api/api_chain.mjs": "640e368a3683c8393a6b1694325816f13b0830b9a1d708e6f13646cb9950c2d8",
    "https://esm.sh/langchain@0.3.30/denonext/dist/chains/base.mjs": "e6fbf230acd9477ec0baae777a205adabeceaeca6f3a30834ad42dd47aca9c33",
    "https://esm.sh/langchain@0.3.30/denonext/dist/chains/combine_docs_chain.mjs": "8b429d7af8257e477b297e24fb37638e6dded6f7875769987c4bc22a68564707",
    "https://esm.sh/langchain@0.3.30/denonext/dist/chains/llm_chain.mjs": "02f7c3564484c295116ea3e0c221f9a67f968d2fbaeb4aacf29d1bb5303fbaa7",
    "https://esm.sh/langchain@0.3.30/denonext/dist/chains/question_answering/load.mjs": "1f79b527897ac75d3c0dffb5cbedb608c35036c88b87ffd2b95876cd9721800f",
    "https://esm.sh/langchain@0.3.30/denonext/dist/chains/sequential_chain.mjs": "1a5cbfe15e5c216759ed465d5a35536e8ef46ac1551a296c00fd81959528d279",
    "https://esm.sh/langchain@0.3.30/denonext/dist/chains/vector_db_qa.mjs": "a1a710e4c9c303e20dca93ba28ae0ac170967da61d370e7b62623ff86517cdb8",
    "https://esm.sh/langchain@0.3.30/denonext/dist/output_parsers/fix.mjs": "1a3ca398429b5ec274a8b049b265c402b250c1971e5b741df26e926b54d37d14",
    "https://esm.sh/langchain@0.3.30/denonext/dist/output_parsers/index.mjs": "71ca5d42664ab48f7c6bb5b81ed7723fe6c5248b5205ab41325546144d5defef",
    "https://esm.sh/langchain@0.3.30/denonext/dist/output_parsers/openai_functions.mjs": "1eeb5055423ce3a3ed1a09aedbe7db779f935d29ee54571d7bacd53499be439e",
    "https://esm.sh/langchain@0.3.30/denonext/dist/output_parsers/router.mjs": "1b0ca8cc58bf1c1029ceec0727b8207c192f9818dedc9a5d70c13b362916b4d8",
    "https://esm.sh/langchain@0.3.30/denonext/dist/output_parsers/structured.mjs": "e6974304313fae7c33d87a3895492e5d4dcab4b060e3fd06f789039314f2b44e",
    "https://esm.sh/langchain@0.3.30/denonext/output_parsers.mjs": "7d1a7d9e12d718f7286a1ff3c624601a68442dce0f58e2c5550cffde9a61e05c",
    "https://esm.sh/langchain@0.3.30/output_parsers": "f7234f7cdd626e4ed8c1fe6b7916f584fb91f33bd3c44b7cc7a3973044f37ab9",
    "https://esm.sh/langsmith@0.3.49/denonext/dist/client.mjs": "a1b39143f9ccc6d4f5247f5dcc84983f8c0b14d35610c2ef09aa25f67eff0c3b",
    "https://esm.sh/langsmith@0.3.49/denonext/dist/env.mjs": "b09a3a4611c694572efed94afd2247a82839b815d8eff2cdeb9aaccf7e9b3f37",
    "https://esm.sh/langsmith@0.3.49/denonext/dist/experimental/otel/constants.mjs": "4b4b2b1dd7a2c1271d25e3de433b600dbc42bdb3c1f798d490f32cb52ab1c895",
    "https://esm.sh/langsmith@0.3.49/denonext/dist/index.mjs": "f3853c0432783622fdb9cf8f76ea7b6b339f290369a413f016eff6055ecd605a",
    "https://esm.sh/langsmith@0.3.49/denonext/dist/run_trees.mjs": "ba9a82e6ab3c28c59a81d6fc3097fe382f872eabc50c92c3fb548196a8ac374d",
    "https://esm.sh/langsmith@0.3.49/denonext/dist/singletons/constants.mjs": "ec64e8ea8db7c4a3156537a6be313a84f500c7de202f2738389ef603c9d106c3",
    "https://esm.sh/langsmith@0.3.49/denonext/dist/singletons/fetch.mjs": "72df5d5da914c3e9ea47c897fa891a6f9f1989d9bcefc5ced377b9f2cb03a75f",
    "https://esm.sh/langsmith@0.3.49/denonext/dist/singletons/otel.mjs": "95cd5a2ff896da50a5617bbf1bd66c182ef9ecf7952f40b49a1a64b6c4629ecc",
    "https://esm.sh/langsmith@0.3.49/denonext/dist/singletons/traceable.mjs": "541c793c23bfb053f7747862867b3530ebb5857926b033b41c47e94c95c68504",
    "https://esm.sh/langsmith@0.3.49/denonext/dist/utils/_uuid.mjs": "897cd2a0e9a5a3a508643db9f358e935592fafdd391c9824e5db2fd5247dc9b7",
    "https://esm.sh/langsmith@0.3.49/denonext/dist/utils/async_caller.mjs": "2b4b54d13ad27e4421d6fd9f01a01f23af10f789bc67afcc97d44bcc341e08c7",
    "https://esm.sh/langsmith@0.3.49/denonext/dist/utils/env.mjs": "14df9b5861385783d00cc8d9a59a3a4160fb74cdf699582066830892da837f08",
    "https://esm.sh/langsmith@0.3.49/denonext/dist/utils/error.mjs": "b1f5443b4f7c6a14c3c10ca994bd84aa1dcd5d865f5b04047d93ab1b1ee47738",
    "https://esm.sh/langsmith@0.3.49/denonext/dist/utils/project.mjs": "997daf7207abc931c2b382e8449a6c59bf701fb5667fa4342420b30f379f1e78",
    "https://esm.sh/langsmith@0.3.49/denonext/dist/utils/warn.mjs": "629e2ec16d574fdf654bc788b41179e4520481e8db961236be3c3caeab9b5230",
    "https://esm.sh/langsmith@0.3.49/denonext/langsmith.mjs": "19b356c340e2012396f317d012ad23c665786035e4fa73d877d0dfc57e42cef2",
    "https://esm.sh/langsmith@0.3.49/denonext/run_trees.mjs": "a70999c8108878dfa69573d2e2f2dcceaa322a0fc47da350f053f698a8de8192",
    "https://esm.sh/langsmith@0.3.49/denonext/singletons/traceable.mjs": "2581ce0f3527902f269bd0474a85a6baff9e0f5fe8a3d0567406d2f1e1101094",
    "https://esm.sh/langsmith@0.3.49/run_trees?target=denonext": "0dcfd22e4b3b573e24024b2452be429a10e4e8f85c2058f5061774aa51557a8a",
    "https://esm.sh/langsmith@0.3.49/singletons/traceable?target=denonext": "cb13c3408062afa93275dc2231f31baaebca0b45842f1fb751bed4e26511b663",
    "https://esm.sh/langsmith@0.3.49?target=denonext": "575d12201708e39c38cfbb1881da07b54710d69274896c0b234be6273589ed41",
    "https://esm.sh/mustache@4.2.0/denonext/mustache.mjs": "8a90a398468999468a8e9abb6b93b459b698eed6844ee30c450490363890ba2a",
    "https://esm.sh/mustache@4.2.0?target=denonext": "59e481b3b41049a1b6e0806c3c58d9df6ef9da4195a6a8b52bcdab13fb616de3",
    "https://esm.sh/p-finally@1.0.0/denonext/p-finally.mjs": "4ab48327cfc4a6201caf9959bba7266be5d8e244ab38629da72cd9d97047cbd3",
    "https://esm.sh/p-finally@1.0.0?target=denonext": "677491f8ccddd3558bc69e4eb7d25aaaf62b320a993720cdd07ad187626181df",
    "https://esm.sh/p-queue@6.6.2/denonext/p-queue.mjs": "c704b88188a36441c0a167a738e5c5fa84056c825ee3f5075f131b432ee1a0b7",
    "https://esm.sh/p-queue@6.6.2?target=denonext": "146f529aa59344e7144aa37ab0c42eb0a6ff803849102f3941e247665c7d97b0",
    "https://esm.sh/p-retry@4.6.2/denonext/p-retry.mjs": "201a432807b70b43475e6d40db8d51ecee8307925878b365a748587bccccd929",
    "https://esm.sh/p-retry@4.6.2?target=denonext": "ccfadc4b5fb4a29393fa61e869c925e99b1304e605ccb8d7930ffec0260e0576",
    "https://esm.sh/p-timeout@3.2.0/denonext/p-timeout.mjs": "03841210df63caa4676f5501ada713604f9822d01a84f19cf404800c3241e27d",
    "https://esm.sh/p-timeout@3.2.0?target=denonext": "ed0ab87bbb2df413120ed4592d2f30bba7cdc11cbdcba91e810bb98bdb5057ae",
    "https://esm.sh/retry@0.13.1/denonext/retry.mjs": "5c13e3bef93acedbd39ce3721c8721730dcfc03f241849463a81f00ad5e67819",
    "https://esm.sh/retry@0.13.1?target=denonext": "dacad23319e574ff0f3f99524f394c14a71edebcee0b47a8a1f6213238e76fde",
    "https://esm.sh/semver@7.7.2/denonext/semver.mjs": "5530cc8b82a83ac29ec3c19567bfdf3330dd70a8c9efdfa068772383068a47a0",
    "https://esm.sh/semver@7.7.2?target=denonext": "6c7a9e6263d52d9a4483824d59965f055092b8ebb77a09b9f02b4a05d22da17e",
    "https://esm.sh/uuid@10.0.0/denonext/uuid.mjs": "3e5f56942cdf199819954dbd0c964ce4227ddad7337aababf50df1845a1f0703",
    "https://esm.sh/uuid@10.0.0?target=denonext": "2e28e12c56eee740e3d83917d3bfab95419eafc7e93d856f8a0329ef22a4de41",
    "https://esm.sh/zod-to-json-schema@3.24.6/denonext/zod-to-json-schema.mjs": "ed524f37593b110634c6239bebefd5c571f1681295af6683bdd73332805f58d6",
    "https://esm.sh/zod-to-json-schema@3.24.6?target=denonext": "39d628a1c788caaf62002755688e9a4e777272b75d8b85a4c5768dc4ab3e7e32",
    "https://esm.sh/zod@3.25.76/denonext/v3.mjs": "c1e29daff179bdd79b5cc6b114cf90096ebc57e0ff692e94b409d5f191aab162",
    "https://esm.sh/zod@3.25.76/denonext/v4/core.mjs": "319b3da77eb0b0d55305a7cd1235dd1e723db4916506d7f2b6f13a94313d1819",
    "https://esm.sh/zod@3.25.76/denonext/v4/locales.mjs": "54bfb99a74487ebdacf3783fd787b3310cde0a5b8482b7058669e8ef06dfcf7f",
    "https://esm.sh/zod@3.25.76/denonext/zod.mjs": "9f643d0cc560840b7fa3b6e6fc3a5a41595f12ff8863cac0ccbae3ec98989284",
    "https://esm.sh/zod@3.25.76/v3?target=denonext": "20a4530a4f7b9b822011625cd5e2c0a77feb33e7300827ad8d87298384c8a1d9",
    "https://esm.sh/zod@3.25.76/v4/core?target=denonext": "5b538e6466e37dc69907d6e76a28a3cfe745921b98276deedeb6872dc3fca97b",
    "https://esm.sh/zod@3.25.76?target=denonext": "7d2e5b7450d6f99b9b3b228958bd1291d5a1f8378f82b8cdd2ce83b2f14961c2"
  }
}
